
Microsoft Visual Studio Solution File, Format Version 12.00
# Visual Studio Version 16
VisualStudioVersion = 16.0.32228.343
MinimumVisualStudioVersion = 10.0.40219.1
Project("{FAE04EC0-301F-11D3-BF4B-00C04F79EFBC}") = "WeeklyFirstTask", "WeeklyFirstTask.csproj", "{F30C027A-6D86-4D61-B07B-64CAD7B9DAC5}"
EndProject
Global
	GlobalSection(SolutionConfigurationPlatforms) = preSolution
		Debug|Any CPU = Debug|Any CPU
		Release|Any CPU = Release|Any CPU
	EndGlobalSection
	GlobalSection(ProjectConfigurationPlatforms) = postSolution
		{F30C027A-6D86-4D61-B07B-64CAD7B9DAC5}.Debug|Any CPU.ActiveCfg = Debug|Any CPU
		{F30C027A-6D86-4D61-B07B-64CAD7B9DAC5}.Debug|Any CPU.Build.0 = Debug|Any CPU
		{F30C027A-6D86-4D61-B07B-64CAD7B9DAC5}.Release|Any CPU.ActiveCfg = Release|Any CPU
		{F30C027A-6D86-4D61-B07B-64CAD7B9DAC5}.Release|Any CPU.Build.0 = Release|Any CPU
	EndGlobalSection
	GlobalSection(SolutionProperties) = preSolution
		HideSolutionNode = FALSE
	EndGlobalSection
	GlobalSection(ExtensibilityGlobals) = postSolution
		SolutionGuid = {37A01E3B-28D6-4807-8811-4E919BEBCAC2}
	EndGlobalSection
EndGlobal
